{
    "name": "acorn",
    "version": "0.5.0",
    "lockfileVersion": 2,
    "requires": true,
    "packages": {
        "": {
            "name": "acorn",
            "version": "0.5.0",
            "dependencies": {
                "@actions/exec": "^1.1.1"
            },
            "devDependencies": {
                "@types/vscode": "^1.69.0"
            },
            "engines": {
                "vscode": "^1.69.0"
            }
        },
        "node_modules/@actions/exec": {
            "version": "1.1.1",
            "resolved": "https://registry.npmjs.org/@actions/exec/-/exec-1.1.1.tgz",
            "integrity": "sha512-+sCcHHbVdk93a0XT19ECtO/gIXoxvdsgQLzb2fE2/5sIZmWQuluYyjPQtrtTHdU1YzTZ7bAPN4sITq2xi1679w==",
            "dependencies": {
                "@actions/io": "^1.0.1"
            }
        },
        "node_modules/@actions/io": {
            "version": "1.1.2",
            "resolved": "https://registry.npmjs.org/@actions/io/-/io-1.1.2.tgz",
            "integrity": "sha512-d+RwPlMp+2qmBfeLYPLXuSRykDIFEwdTA0MMxzS9kh4kvP1ftrc/9fzy6pX6qAjthdXruHQ6/6kjT/DNo5ALuw=="
        },
        "node_modules/@types/vscode": {
            "version": "1.72.0",
            "resolved": "https://registry.npmjs.org/@types/vscode/-/vscode-1.72.0.tgz",
            "integrity": "sha512-WvHluhUo+lQvE3I4wUagRpnkHuysB4qSyOQUyIAS9n9PYMJjepzTUD8Jyks0YeXoPD0UGctjqp2u84/b3v6Ydw==",
            "dev": true
        }
    },
    "dependencies": {
        "@actions/exec": {
            "version": "1.1.1",
            "resolved": "https://registry.npmjs.org/@actions/exec/-/exec-1.1.1.tgz",
            "integrity": "sha512-+sCcHHbVdk93a0XT19ECtO/gIXoxvdsgQLzb2fE2/5sIZmWQuluYyjPQtrtTHdU1YzTZ7bAPN4sITq2xi1679w==",
            "requires": {
                "@actions/io": "^1.0.1"
            }
        },
        "@actions/io": {
            "version": "1.1.2",
            "resolved": "https://registry.npmjs.org/@actions/io/-/io-1.1.2.tgz",
            "integrity": "sha512-d+RwPlMp+2qmBfeLYPLXuSRykDIFEwdTA0MMxzS9kh4kvP1ftrc/9fzy6pX6qAjthdXruHQ6/6kjT/DNo5ALuw=="
        },
        "@types/vscode": {
            "version": "1.72.0",
            "resolved": "https://registry.npmjs.org/@types/vscode/-/vscode-1.72.0.tgz",
            "integrity": "sha512-WvHluhUo+lQvE3I4wUagRpnkHuysB4qSyOQUyIAS9n9PYMJjepzTUD8Jyks0YeXoPD0UGctjqp2u84/b3v6Ydw==",
            "dev": true
        }
    }
}
